// !$*UTF8*$!
{
	archiveVersion = 1;
	classes = {
	};
	objectVersion = 50;
	objects = {

/* Begin PBXBuildFile section */
		528AE16A24754FAC00968538 /* AppDelegate.swift in Sources */ = {isa = PBXBuildFile; fileRef = 528AE16924754FAC00968538 /* AppDelegate.swift */; };
		528AE16C24754FAC00968538 /* SceneDelegate.swift in Sources */ = {isa = PBXBuildFile; fileRef = 528AE16B24754FAC00968538 /* SceneDelegate.swift */; };
		528AE16E24754FAC00968538 /* ViewController.swift in Sources */ = {isa = PBXBuildFile; fileRef = 528AE16D24754FAC00968538 /* ViewController.swift */; };
		528AE17124754FAC00968538 /* Main.storyboard in Resources */ = {isa = PBXBuildFile; fileRef = 528AE16F24754FAC00968538 /* Main.storyboard */; };
		528AE17324754FAD00968538 /* Assets.xcassets in Resources */ = {isa = PBXBuildFile; fileRef = 528AE17224754FAD00968538 /* Assets.xcassets */; };
		528AE17624754FAD00968538 /* LaunchScreen.storyboard in Resources */ = {isa = PBXBuildFile; fileRef = 528AE17424754FAD00968538 /* LaunchScreen.storyboard */; };
		528AE17E24754FC500968538 /* SwiftUIView.swift in Sources */ = {isa = PBXBuildFile; fileRef = 528AE17D24754FC500968538 /* SwiftUIView.swift */; };
/* End PBXBuildFile section */

/* Begin PBXFileReference section */
		528AE16624754FAC00968538 /* SwiftUI_UIHostingController.app */ = {isa = PBXFileReference; explicitFileType = wrapper.application; includeInIndex = 0; path = SwiftUI_UIHostingController.app; sourceTree = BUILT_PRODUCTS_DIR; };
		528AE16924754FAC00968538 /* AppDelegate.swift */ = {isa = PBXFileReference; lastKnownFileType = sourcecode.swift; path = AppDelegate.swift; sourceTree = "<group>"; };
		528AE16B24754FAC00968538 /* SceneDelegate.swift */ = {isa = PBXFileReference; lastKnownFileType = sourcecode.swift; path = SceneDelegate.swift; sourceTree = "<group>"; };
		528AE16D24754FAC00968538 /* ViewController.swift */ = {isa = PBXFileReference; lastKnownFileType = sourcecode.swift; path = ViewController.swift; sourceTree = "<group>"; };
		528AE17024754FAC00968538 /* Base */ = {isa = PBXFileReference; lastKnownFileType = file.storyboard; name = Base; path = Base.lproj/Main.storyboard; sourceTree = "<group>"; };
		528AE17224754FAD00968538 /* Assets.xcassets */ = {isa = PBXFileReference; lastKnownFileType = folder.assetcatalog; path = Assets.xcassets; sourceTree = "<group>"; };
		528AE17524754FAD00968538 /* Base */ = {isa = PBXFileReference; lastKnownFileType = file.storyboard; name = Base; path = Base.lproj/LaunchScreen.storyboard; sourceTree = "<group>"; };
		528AE17724754FAD00968538 /* Info.plist */ = {isa = PBXFileReference; lastKnownFileType = text.plist.xml; path = Info.plist; sourceTree = "<group>"; };
		528AE17D24754FC500968538 /* SwiftUIView.swift */ = {isa = PBXFileReference; lastKnownFileType = sourcecode.swift; path = SwiftUIView.swift; sourceTree = "<group>"; };
/* End PBXFileReference section */

/* Begin PBXFrameworksBuildPhase section */
		528AE16324754FAC00968538 /* Frameworks */ = {
			isa = PBXFrameworksBuildPhase;
			buildActionMask = 2147483647;
			files = (
			);
			runOnlyForDeploymentPostprocessing = 0;
		};
/* End PBXFrameworksBuildPhase section */

/* Begin PBXGroup section */
		528AE15D24754FAC00968538 = {
			isa = PBXGroup;
			children = (
				528AE16824754FAC00968538 /* SwiftUI_UIHostingController */,
				528AE16724754FAC00968538 /* Products */,
			);
			sourceTree = "<group>";
		};
		528AE16724754FAC00968538 /* Products */ = {
			isa = PBXGroup;
			children = (
				528AE16624754FAC00968538 /* SwiftUI_UIHostingController.app */,
			);
			name = Products;
			sourceTree = "<group>";
		};
		528AE16824754FAC00968538 /* SwiftUI_UIHostingController */ = {
			isa = PBXGroup;
			children = (
				528AE16924754FAC00968538 /* AppDelegate.swift */,
				528AE16B24754FAC00968538 /* SceneDelegate.swift */,
				528AE16D24754FAC00968538 /* ViewController.swift */,
				528AE16F24754FAC00968538 /* Main.storyboard */,
				528AE17224754FAD00968538 /* Assets.xcassets */,
				528AE17424754FAD00968538 /* LaunchScreen.storyboard */,
				528AE17724754FAD00968538 /* Info.plist */,
				528AE17D24754FC500968538 /* SwiftUIView.swift */,
			);
			path = SwiftUI_UIHostingController;
			sourceTree = "<group>";
		};
/* End PBXGroup section */

/* Begin PBXNativeTarget section */
		528AE16524754FAC00968538 /* SwiftUI_UIHostingController */ = {
			isa = PBXNativeTarget;
			buildConfigurationList = 528AE17A24754FAD00968538 /* Build configuration list for PBXNativeTarget "SwiftUI_UIHostingController" */;
			buildPhases = (
				528AE16224754FAC00968538 /* Sources */,
				528AE16324754FAC00968538 /* Frameworks */,
				528AE16424754FAC00968538 /* Resources */,
			);
			buildRules = (
			);
			dependencies = (
			);
			name = SwiftUI_UIHostingController;
			productName = SwiftUI_UIHostingController;
			productReference = 528AE16624754FAC00968538 /* SwiftUI_UIHostingController.app */;
			productType = "com.apple.product-type.application";
		};
/* End PBXNativeTarget section */

/* Begin PBXProject section */
		528AE15E24754FAC00968538 /* Project object */ = {
			isa = PBXProject;
			attributes = {
				LastSwiftUpdateCheck = 1120;
				LastUpgradeCheck = 1120;
				ORGANIZATIONNAME = "장민종";
				TargetAttributes = {
					528AE16524754FAC00968538 = {
						CreatedOnToolsVersion = 11.2.1;
					};
				};
			};
			buildConfigurationList = 528AE16124754FAC00968538 /* Build configuration list for PBXProject "SwiftUI_UIHostingController" */;
			compatibilityVersion = "Xcode 9.3";
			developmentRegion = en;
			hasScannedForEncodings = 0;
			knownRegions = (
				en,
				Base,
			);
			mainGroup = 528AE15D24754FAC00968538;
			productRefGroup = 528AE16724754FAC00968538 /* Products */;
			projectDirPath = "";
			projectRoot = "";
			targets = (
				528AE16524754FAC00968538 /* SwiftUI_UIHostingController */,
			);
		};
/* End PBXProject section */

/* Begin PBXResourcesBuildPhase section */
		528AE16424754FAC00968538 /* Resources */ = {
			isa = PBXResourcesBuildPhase;
			buildActionMask = 2147483647;
			files = (
				528AE17624754FAD00968538 /* LaunchScreen.storyboard in Resources */,
				528AE17324754FAD00968538 /* Assets.xcassets in Resources */,
				528AE17124754FAC00968538 /* Main.storyboard in Resources */,
			);
			runOnlyForDeploymentPostprocessing = 0;
		};
/* End PBXResourcesBuildPhase section */

/* Begin PBXSourcesBuildPhase section */
		528AE16224754FAC00968538 /* Sources */ = {
			isa = PBXSourcesBuildPhase;
			buildActionMask = 2147483647;
			files = (
				528AE16E24754FAC00968538 /* ViewController.swift in Sources */,
				528AE16A24754FAC00968538 /* AppDelegate.swift in Sources */,
				528AE17E24754FC500968538 /* SwiftUIView.swift in Sources */,
				528AE16C24754FAC00968538 /* SceneDelegate.swift in Sources */,
			);
			runOnlyForDeploymentPostprocessing = 0;
		};
/* End PBXSourcesBuildPhase section */

/* Begin PBXVariantGroup section */
		528AE16F24754FAC00968538 /* Main.storyboard */ = {
			isa = PBXVariantGroup;
			children = (
				528AE17024754FAC00968538 /* Base */,
			);
			name = Main.storyboard;
			sourceTree = "<group>";
		};
		528AE17424754FAD00968538 /* LaunchScreen.storyboard */ = {
			isa = PBXVariantGroup;
			children = (
				528AE17524754FAD00968538 /* Base */,
			);
			name = LaunchScreen.storyboard;
			sourceTree = "<group>";
		};
/* End PBXVariantGroup section */

/* Begin XCBuildConfiguration section */
		528AE17824754FAD00968538 /* Debug */ = {
			isa = XCBuildConfiguration;
			buildSettings = {
				ALWAYS_SEARCH_USER_PATHS = NO;
				CLANG_ANALYZER_NONNULL = YES;
				CLANG_ANALYZER_NUMBER_OBJECT_CONVERSION = YES_AGGRESSIVE;
				CLANG_CXX_LANGUAGE_STANDARD = "gnu++14";
				CLANG_CXX_LIBRARY = "libc++";
				CLANG_ENABLE_MODULES = YES;
				CLANG_ENABLE_OBJC_ARC = YES;
				CLANG_ENABLE_OBJC_WEAK = YES;
				CLANG_WARN_BLOCK_CAPTURE_AUTORELEASING = YES;
				CLANG_WARN_BOOL_CONVERSION = YES;
				CLANG_WARN_COMMA = YES;
				CLANG_WARN_CONSTANT_CONVERSION = YES;
				CLANG_WARN_DEPRECATED_OBJC_IMPLEMENTATIONS = YES;
				CLANG_WARN_DIRECT_OBJC_ISA_USAGE = YES_ERROR;
				CLANG_WARN_DOCUMENTATION_COMMENTS = YES;
				CLANG_WARN_EMPTY_BODY = YES;
				CLANG_WARN_ENUM_CONVERSION = YES;
				CLANG_WARN_INFINITE_RECURSION = YES;
				CLANG_WARN_INT_CONVERSION = YES;
				CLANG_WARN_NON_LITERAL_NULL_CONVERSION = YES;
				CLANG_WARN_OBJC_IMPLICIT_RETAIN_SELF = YES;
				CLANG_WARN_OBJC_LITERAL_CONVERSION = YES;
				CLANG_WARN_OBJC_ROOT_CLASS = YES_ERROR;
				CLANG_WARN_RANGE_LOOP_ANALYSIS = YES;
				CLANG_WARN_STRICT_PROTOTYPES = YES;
				CLANG_WARN_SUSPICIOUS_MOVE = YES;
				CLANG_WARN_UNGUARDED_AVAILABILITY = YES_AGGRESSIVE;
				CLANG_WARN_UNREACHABLE_CODE = YES;
				CLANG_WARN__DUPLICATE_METHOD_MATCH = YES;
				COPY_PHASE_STRIP = NO;
				DEBUG_INFORMATION_FORMAT = dwarf;
				ENABLE_STRICT_OBJC_MSGSEND = YES;
				ENABLE_TESTABILITY = YES;
				GCC_C_LANGUAGE_STANDARD = gnu11;
				GCC_DYNAMIC_NO_PIC = NO;
				GCC_NO_COMMON_BLOCKS = YES;
				GCC_OPTIMIZATION_LEVEL = 0;
				GCC_PREPROCESSOR_DEFINITIONS = (
					"DEBUG=1",
					"$(inherited)",
				);
				GCC_WARN_64_TO_32_BIT_CONVERSION = YES;
				GCC_WARN_ABOUT_RETURN_TYPE = YES_ERROR;
				GCC_WARN_UNDECLARED_SELECTOR = YES;
				GCC_WARN_UNINITIALIZED_AUTOS = YES_AGGRESSIVE;
				GCC_WARN_UNUSED_FUNCTION = YES;
				GCC_WARN_UNUSED_VARIABLE = YES;
				IPHONEOS_DEPLOYMENT_TARGET = 13.2;
				MTL_ENABLE_DEBUG_INFO = INCLUDE_SOURCE;
				MTL_FAST_MATH = YES;
				ONLY_ACTIVE_ARCH = YES;
				SDKROOT = iphoneos;
				SWIFT_ACTIVE_COMPILATION_CONDITIONS = DEBUG;
				SWIFT_OPTIMIZATION_LEVEL = "-Onone";
			};
			name = Debug;
		};
		528AE17924754FAD00968538 /* Release */ = {
			isa = XCBuildConfiguration;
			buildSettings = {
				ALWAYS_SEARCH_USER_PATHS = NO;
				CLANG_ANALYZER_NONNULL = YES;
				CLANG_ANALYZER_NUMBER_OBJECT_CONVERSION = YES_AGGRESSIVE;
				CLANG_CXX_LANGUAGE_STANDARD = "gnu++14";
				CLANG_CXX_LIBRARY = "libc++";
				CLANG_ENABLE_MODULES = YES;
				CLANG_ENABLE_OBJC_ARC = YES;
				CLANG_ENABLE_OBJC_WEAK = YES;
				CLANG_WARN_BLOCK_CAPTURE_AUTORELEASING = YES;
				CLANG_WARN_BOOL_CONVERSION = YES;
				CLANG_WARN_COMMA = YES;
				CLANG_WARN_CONSTANT_CONVERSION = YES;
				CLANG_WARN_DEPRECATED_OBJC_IMPLEMENTATIONS = YES;
				CLANG_WARN_DIRECT_OBJC_ISA_USAGE = YES_ERROR;
				CLANG_WARN_DOCUMENTATION_COMMENTS = YES;
				CLANG_WARN_EMPTY_BODY = YES;
				CLANG_WARN_ENUM_CONVERSION = YES;
				CLANG_WARN_INFINITE_RECURSION = YES;
				CLANG_WARN_INT_CONVERSION = YES;
				CLANG_WARN_NON_LITERAL_NULL_CONVERSION = YES;
				CLANG_WARN_OBJC_IMPLICIT_RETAIN_SELF = YES;
				CLANG_WARN_OBJC_LITERAL_CONVERSION = YES;
				CLANG_WARN_OBJC_ROOT_CLASS = YES_ERROR;
				CLANG_WARN_RANGE_LOOP_ANALYSIS = YES;
				CLANG_WARN_STRICT_PROTOTYPES = YES;
				CLANG_WARN_SUSPICIOUS_MOVE = YES;
				CLANG_WARN_UNGUARDED_AVAILABILITY = YES_AGGRESSIVE;
				CLANG_WARN_UNREACHABLE_CODE = YES;
				CLANG_WARN__DUPLICATE_METHOD_MATCH = YES;
				COPY_PHASE_STRIP = NO;
				DEBUG_INFORMATION_FORMAT = "dwarf-with-dsym";
				ENABLE_NS_ASSERTIONS = NO;
				ENABLE_STRICT_OBJC_MSGSEND = YES;
				GCC_C_LANGUAGE_STANDARD = gnu11;
				GCC_NO_COMMON_BLOCKS = YES;
				GCC_WARN_64_TO_32_BIT_CONVERSION = YES;
				GCC_WARN_ABOUT_RETURN_TYPE = YES_ERROR;
				GCC_WARN_UNDECLARED_SELECTOR = YES;
				GCC_WARN_UNINITIALIZED_AUTOS = YES_AGGRESSIVE;
				GCC_WARN_UNUSED_FUNCTION = YES;
				GCC_WARN_UNUSED_VARIABLE = YES;
				IPHONEOS_DEPLOYMENT_TARGET = 13.2;
				MTL_ENABLE_DEBUG_INFO = NO;
				MTL_FAST_MATH = YES;
				SDKROOT = iphoneos;
				SWIFT_COMPILATION_MODE = wholemodule;
				SWIFT_OPTIMIZATION_LEVEL = "-O";
				VALIDATE_PRODUCT = YES;
			};
			name = Release;
		};
		528AE17B24754FAD00968538 /* Debug */ = {
			isa = XCBuildConfiguration;
			buildSettings = {
				ASSETCATALOG_COMPILER_APPICON_NAME = AppIcon;
				CODE_SIGN_STYLE = Automatic;
				DEVELOPMENT_TEAM = 7BNF6Q2ZC3;
				INFOPLIST_FILE = SwiftUI_UIHostingController/Info.plist;
				LD_RUNPATH_SEARCH_PATHS = (
					"$(inherited)",
					"@executable_path/Frameworks",
				);
				PRODUCT_BUNDLE_IDENTIFIER = "com.mj.SwiftUI-UIHostingController";
				PRODUCT_NAME = "$(TARGET_NAME)";
				SWIFT_VERSION = 5.0;
				TARGETED_DEVICE_FAMILY = "1,2";
			};
			name = Debug;
		};
		528AE17C24754FAD00968538 /* Release */ = {
			isa = XCBuildConfiguration;
			buildSettings = {
				ASSETCATALOG_COMPILER_APPICON_NAME = AppIcon;
				CODE_SIGN_STYLE = Automatic;
				DEVELOPMENT_TEAM = 7BNF6Q2ZC3;
				INFOPLIST_FILE = SwiftUI_UIHostingController/Info.plist;
				LD_RUNPATH_SEARCH_PATHS = (
					"$(inherited)",
					"@executable_path/Frameworks",
				);
				PRODUCT_BUNDLE_IDENTIFIER = "com.mj.SwiftUI-UIHostingController";
				PRODUCT_NAME = "$(TARGET_NAME)";
				SWIFT_VERSION = 5.0;
				TARGETED_DEVICE_FAMILY = "1,2";
			};
			name = Release;
		};
/* End XCBuildConfiguration section */

/* Begin XCConfigurationList section */
		528AE16124754FAC00968538 /* Build configuration list for PBXProject "SwiftUI_UIHostingController" */ = {
			isa = XCConfigurationList;
			buildConfigurations = (
				528AE17824754FAD00968538 /* Debug */,
				528AE17924754FAD00968538 /* Release */,
			);
			defaultConfigurationIsVisible = 0;
			defaultConfigurationName = Release;
		};
		528AE17A24754FAD00968538 /* Build configuration list for PBXNativeTarget "SwiftUI_UIHostingController" */ = {
			isa = XCConfigurationList;
			buildConfigurations = (
				528AE17B24754FAD00968538 /* Debug */,
				528AE17C24754FAD00968538 /* Release */,
			);
			defaultConfigurationIsVisible = 0;
			defaultConfigurationName = Release;
		};
/* End XCConfigurationList section */
	};
	rootObject = 528AE15E24754FAC00968538 /* Project object */;
}
